// !$*UTF8*$!
{
	archiveVersion = 1;
	classes = {
	};
	objectVersion = 50;
	objects = {

/* Begin PBXBuildFile section */
		BF0F363C245A061300C9E797 /* AppDelegate.swift in Sources */ = {isa = PBXBuildFile; fileRef = BF0F363B245A061300C9E797 /* AppDelegate.swift */; };
		BF0F363E245A061300C9E797 /* SceneDelegate.swift in Sources */ = {isa = PBXBuildFile; fileRef = BF0F363D245A061300C9E797 /* SceneDelegate.swift */; };
		BF0F3640245A061300C9E797 /* ContentView.swift in Sources */ = {isa = PBXBuildFile; fileRef = BF0F363F245A061300C9E797 /* ContentView.swift */; };
		BF0F3642245A061400C9E797 /* Assets.xcassets in Resources */ = {isa = PBXBuildFile; fileRef = BF0F3641245A061400C9E797 /* Assets.xcassets */; };
		BF0F3645245A061400C9E797 /* Preview Assets.xcassets in Resources */ = {isa = PBXBuildFile; fileRef = BF0F3644245A061400C9E797 /* Preview Assets.xcassets */; };
		BF0F3648245A061400C9E797 /* LaunchScreen.storyboard in Resources */ = {isa = PBXBuildFile; fileRef = BF0F3646245A061400C9E797 /* LaunchScreen.storyboard */; };
		BF0F3653245A061400C9E797 /* CoffeOrderingAppTests.swift in Sources */ = {isa = PBXBuildFile; fileRef = BF0F3652245A061400C9E797 /* CoffeOrderingAppTests.swift */; };
		BF0F365E245A061400C9E797 /* CoffeOrderingAppUITests.swift in Sources */ = {isa = PBXBuildFile; fileRef = BF0F365D245A061400C9E797 /* CoffeOrderingAppUITests.swift */; };
		BF0F366D245A070800C9E797 /* Coffee.swift in Sources */ = {isa = PBXBuildFile; fileRef = BF0F366C245A070800C9E797 /* Coffee.swift */; };
		BF0F366F245A07C300C9E797 /* Order.swift in Sources */ = {isa = PBXBuildFile; fileRef = BF0F366E245A07C300C9E797 /* Order.swift */; };
		BF4F6C67245A316A00DE2C4A /* CreateOrderResponse.swift in Sources */ = {isa = PBXBuildFile; fileRef = BF4F6C66245A316A00DE2C4A /* CreateOrderResponse.swift */; };
		BFD39AA1245A18930082007E /* Webservice.swift in Sources */ = {isa = PBXBuildFile; fileRef = BFD39AA0245A18930082007E /* Webservice.swift */; };
		BFD39AA4245A1C660082007E /* OrderListViewModel.swift in Sources */ = {isa = PBXBuildFile; fileRef = BFD39AA3245A1C660082007E /* OrderListViewModel.swift */; };
		BFD39AA6245A1C960082007E /* OrderViewModel.swift in Sources */ = {isa = PBXBuildFile; fileRef = BFD39AA5245A1C960082007E /* OrderViewModel.swift */; };
		BFD39AA9245A228C0082007E /* OrderListView.swift in Sources */ = {isa = PBXBuildFile; fileRef = BFD39AA8245A228C0082007E /* OrderListView.swift */; };
/* End PBXBuildFile section */

/* Begin PBXContainerItemProxy section */
		BF0F364F245A061400C9E797 /* PBXContainerItemProxy */ = {
			isa = PBXContainerItemProxy;
			containerPortal = BF0F3630245A061300C9E797 /* Project object */;
			proxyType = 1;
			remoteGlobalIDString = BF0F3637245A061300C9E797;
			remoteInfo = CoffeOrderingApp;
		};
		BF0F365A245A061400C9E797 /* PBXContainerItemProxy */ = {
			isa = PBXContainerItemProxy;
			containerPortal = BF0F3630245A061300C9E797 /* Project object */;
			proxyType = 1;
			remoteGlobalIDString = BF0F3637245A061300C9E797;
			remoteInfo = CoffeOrderingApp;
		};
/* End PBXContainerItemProxy section */

/* Begin PBXFileReference section */
		BF0F3638245A061300C9E797 /* CoffeOrderingApp.app */ = {isa = PBXFileReference; explicitFileType = wrapper.application; includeInIndex = 0; path = CoffeOrderingApp.app; sourceTree = BUILT_PRODUCTS_DIR; };
		BF0F363B245A061300C9E797 /* AppDelegate.swift */ = {isa = PBXFileReference; lastKnownFileType = sourcecode.swift; path = AppDelegate.swift; sourceTree = "<group>"; };
		BF0F363D245A061300C9E797 /* SceneDelegate.swift */ = {isa = PBXFileReference; lastKnownFileType = sourcecode.swift; path = SceneDelegate.swift; sourceTree = "<group>"; };
		BF0F363F245A061300C9E797 /* ContentView.swift */ = {isa = PBXFileReference; lastKnownFileType = sourcecode.swift; path = ContentView.swift; sourceTree = "<group>"; };
		BF0F3641245A061400C9E797 /* Assets.xcassets */ = {isa = PBXFileReference; lastKnownFileType = folder.assetcatalog; path = Assets.xcassets; sourceTree = "<group>"; };
		BF0F3644245A061400C9E797 /* Preview Assets.xcassets */ = {isa = PBXFileReference; lastKnownFileType = folder.assetcatalog; path = "Preview Assets.xcassets"; sourceTree = "<group>"; };
		BF0F3647245A061400C9E797 /* Base */ = {isa = PBXFileReference; lastKnownFileType = file.storyboard; name = Base; path = Base.lproj/LaunchScreen.storyboard; sourceTree = "<group>"; };
		BF0F3649245A061400C9E797 /* Info.plist */ = {isa = PBXFileReference; lastKnownFileType = text.plist.xml; path = Info.plist; sourceTree = "<group>"; };
		BF0F364E245A061400C9E797 /* CoffeOrderingAppTests.xctest */ = {isa = PBXFileReference; explicitFileType = wrapper.cfbundle; includeInIndex = 0; path = CoffeOrderingAppTests.xctest; sourceTree = BUILT_PRODUCTS_DIR; };
		BF0F3652245A061400C9E797 /* CoffeOrderingAppTests.swift */ = {isa = PBXFileReference; lastKnownFileType = sourcecode.swift; path = CoffeOrderingAppTests.swift; sourceTree = "<group>"; };
		BF0F3654245A061400C9E797 /* Info.plist */ = {isa = PBXFileReference; lastKnownFileType = text.plist.xml; path = Info.plist; sourceTree = "<group>"; };
		BF0F3659245A061400C9E797 /* CoffeOrderingAppUITests.xctest */ = {isa = PBXFileReference; explicitFileType = wrapper.cfbundle; includeInIndex = 0; path = CoffeOrderingAppUITests.xctest; sourceTree = BUILT_PRODUCTS_DIR; };
		BF0F365D245A061400C9E797 /* CoffeOrderingAppUITests.swift */ = {isa = PBXFileReference; lastKnownFileType = sourcecode.swift; path = CoffeOrderingAppUITests.swift; sourceTree = "<group>"; };
		BF0F365F245A061400C9E797 /* Info.plist */ = {isa = PBXFileReference; lastKnownFileType = text.plist.xml; path = Info.plist; sourceTree = "<group>"; };
		BF0F366C245A070800C9E797 /* Coffee.swift */ = {isa = PBXFileReference; lastKnownFileType = sourcecode.swift; path = Coffee.swift; sourceTree = "<group>"; };
		BF0F366E245A07C300C9E797 /* Order.swift */ = {isa = PBXFileReference; lastKnownFileType = sourcecode.swift; path = Order.swift; sourceTree = "<group>"; };
		BF4F6C66245A316A00DE2C4A /* CreateOrderResponse.swift */ = {isa = PBXFileReference; lastKnownFileType = sourcecode.swift; path = CreateOrderResponse.swift; sourceTree = "<group>"; };
		BFD39AA0245A18930082007E /* Webservice.swift */ = {isa = PBXFileReference; lastKnownFileType = sourcecode.swift; path = Webservice.swift; sourceTree = "<group>"; };
		BFD39AA3245A1C660082007E /* OrderListViewModel.swift */ = {isa = PBXFileReference; lastKnownFileType = sourcecode.swift; path = OrderListViewModel.swift; sourceTree = "<group>"; };
		BFD39AA5245A1C960082007E /* OrderViewModel.swift */ = {isa = PBXFileReference; lastKnownFileType = sourcecode.swift; path = OrderViewModel.swift; sourceTree = "<group>"; };
		BFD39AA8245A228C0082007E /* OrderListView.swift */ = {isa = PBXFileReference; lastKnownFileType = sourcecode.swift; path = OrderListView.swift; sourceTree = "<group>"; };
/* End PBXFileReference section */

/* Begin PBXFrameworksBuildPhase section */
		BF0F3635245A061300C9E797 /* Frameworks */ = {
			isa = PBXFrameworksBuildPhase;
			buildActionMask = 2147483647;
			files = (
			);
			runOnlyForDeploymentPostprocessing = 0;
		};
		BF0F364B245A061400C9E797 /* Frameworks */ = {
			isa = PBXFrameworksBuildPhase;
			buildActionMask = 2147483647;
			files = (
			);
			runOnlyForDeploymentPostprocessing = 0;
		};
		BF0F3656245A061400C9E797 /* Frameworks */ = {
			isa = PBXFrameworksBuildPhase;
			buildActionMask = 2147483647;
			files = (
			);
			runOnlyForDeploymentPostprocessing = 0;
		};
/* End PBXFrameworksBuildPhase section */

/* Begin PBXGroup section */
		BF0F362F245A061300C9E797 = {
			isa = PBXGroup;
			children = (
				BF0F363A245A061300C9E797 /* CoffeOrderingApp */,
				BF0F3651245A061400C9E797 /* CoffeOrderingAppTests */,
				BF0F365C245A061400C9E797 /* CoffeOrderingAppUITests */,
				BF0F3639245A061300C9E797 /* Products */,
			);
			sourceTree = "<group>";
		};
		BF0F3639245A061300C9E797 /* Products */ = {
			isa = PBXGroup;
			children = (
				BF0F3638245A061300C9E797 /* CoffeOrderingApp.app */,
				BF0F364E245A061400C9E797 /* CoffeOrderingAppTests.xctest */,
				BF0F3659245A061400C9E797 /* CoffeOrderingAppUITests.xctest */,
			);
			name = Products;
			sourceTree = "<group>";
		};
		BF0F363A245A061300C9E797 /* CoffeOrderingApp */ = {
			isa = PBXGroup;
			children = (
				BFD39AA7245A1FAE0082007E /* Views */,
				BFD39AA2245A1C510082007E /* ViewModels */,
				BFD39A9F245A18860082007E /* Services */,
				BF0F366B245A06F700C9E797 /* Models */,
				BF0F363B245A061300C9E797 /* AppDelegate.swift */,
				BF0F363D245A061300C9E797 /* SceneDelegate.swift */,
				BF0F3641245A061400C9E797 /* Assets.xcassets */,
				BF0F3646245A061400C9E797 /* LaunchScreen.storyboard */,
				BF0F3649245A061400C9E797 /* Info.plist */,
				BF0F3643245A061400C9E797 /* Preview Content */,
			);
			path = CoffeOrderingApp;
			sourceTree = "<group>";
		};
		BF0F3643245A061400C9E797 /* Preview Content */ = {
			isa = PBXGroup;
			children = (
				BF0F3644245A061400C9E797 /* Preview Assets.xcassets */,
			);
			path = "Preview Content";
			sourceTree = "<group>";
		};
		BF0F3651245A061400C9E797 /* CoffeOrderingAppTests */ = {
			isa = PBXGroup;
			children = (
				BF0F3652245A061400C9E797 /* CoffeOrderingAppTests.swift */,
				BF0F3654245A061400C9E797 /* Info.plist */,
			);
			path = CoffeOrderingAppTests;
			sourceTree = "<group>";
		};
		BF0F365C245A061400C9E797 /* CoffeOrderingAppUITests */ = {
			isa = PBXGroup;
			children = (
				BF0F365D245A061400C9E797 /* CoffeOrderingAppUITests.swift */,
				BF0F365F245A061400C9E797 /* Info.plist */,
			);
			path = CoffeOrderingAppUITests;
			sourceTree = "<group>";
		};
		BF0F366B245A06F700C9E797 /* Models */ = {
			isa = PBXGroup;
			children = (
				BF0F366C245A070800C9E797 /* Coffee.swift */,
				BF0F366E245A07C300C9E797 /* Order.swift */,
				BF4F6C66245A316A00DE2C4A /* CreateOrderResponse.swift */,
			);
			path = Models;
			sourceTree = "<group>";
		};
		BFD39A9F245A18860082007E /* Services */ = {
			isa = PBXGroup;
			children = (
				BFD39AA0245A18930082007E /* Webservice.swift */,
			);
			path = Services;
			sourceTree = "<group>";
		};
		BFD39AA2245A1C510082007E /* ViewModels */ = {
			isa = PBXGroup;
			children = (
				BFD39AA3245A1C660082007E /* OrderListViewModel.swift */,
				BFD39AA5245A1C960082007E /* OrderViewModel.swift */,
			);
			path = ViewModels;
			sourceTree = "<group>";
		};
		BFD39AA7245A1FAE0082007E /* Views */ = {
			isa = PBXGroup;
			children = (
				BFD39AA8245A228C0082007E /* OrderListView.swift */,
				BF0F363F245A061300C9E797 /* ContentView.swift */,
			);
			path = Views;
			sourceTree = "<group>";
		};
/* End PBXGroup section */

/* Begin PBXNativeTarget section */
		BF0F3637245A061300C9E797 /* CoffeOrderingApp */ = {
			isa = PBXNativeTarget;
			buildConfigurationList = BF0F3662245A061400C9E797 /* Build configuration list for PBXNativeTarget "CoffeOrderingApp" */;
			buildPhases = (
				BF0F3634245A061300C9E797 /* Sources */,
				BF0F3635245A061300C9E797 /* Frameworks */,
				BF0F3636245A061300C9E797 /* Resources */,
			);
			buildRules = (
			);
			dependencies = (
			);
			name = CoffeOrderingApp;
			productName = CoffeOrderingApp;
			productReference = BF0F3638245A061300C9E797 /* CoffeOrderingApp.app */;
			productType = "com.apple.product-type.application";
		};
		BF0F364D245A061400C9E797 /* CoffeOrderingAppTests */ = {
			isa = PBXNativeTarget;
			buildConfigurationList = BF0F3665245A061400C9E797 /* Build configuration list for PBXNativeTarget "CoffeOrderingAppTests" */;
			buildPhases = (
				BF0F364A245A061400C9E797 /* Sources */,
				BF0F364B245A061400C9E797 /* Frameworks */,
				BF0F364C245A061400C9E797 /* Resources */,
			);
			buildRules = (
			);
			dependencies = (
				BF0F3650245A061400C9E797 /* PBXTargetDependency */,
			);
			name = CoffeOrderingAppTests;
			productName = CoffeOrderingAppTests;
			productReference = BF0F364E245A061400C9E797 /* CoffeOrderingAppTests.xctest */;
			productType = "com.apple.product-type.bundle.unit-test";
		};
		BF0F3658245A061400C9E797 /* CoffeOrderingAppUITests */ = {
			isa = PBXNativeTarget;
			buildConfigurationList = BF0F3668245A061400C9E797 /* Build configuration list for PBXNativeTarget "CoffeOrderingAppUITests" */;
			buildPhases = (
				BF0F3655245A061400C9E797 /* Sources */,
				BF0F3656245A061400C9E797 /* Frameworks */,
				BF0F3657245A061400C9E797 /* Resources */,
			);
			buildRules = (
			);
			dependencies = (
				BF0F365B245A061400C9E797 /* PBXTargetDependency */,
			);
			name = CoffeOrderingAppUITests;
			productName = CoffeOrderingAppUITests;
			productReference = BF0F3659245A061400C9E797 /* CoffeOrderingAppUITests.xctest */;
			productType = "com.apple.product-type.bundle.ui-testing";
		};
/* End PBXNativeTarget section */

/* Begin PBXProject section */
		BF0F3630245A061300C9E797 /* Project object */ = {
			isa = PBXProject;
			attributes = {
				LastSwiftUpdateCheck = 1130;
				LastUpgradeCheck = 1130;
				ORGANIZATIONNAME = GAR;
				TargetAttributes = {
					BF0F3637245A061300C9E797 = {
						CreatedOnToolsVersion = 11.3.1;
					};
					BF0F364D245A061400C9E797 = {
						CreatedOnToolsVersion = 11.3.1;
						TestTargetID = BF0F3637245A061300C9E797;
					};
					BF0F3658245A061400C9E797 = {
						CreatedOnToolsVersion = 11.3.1;
						TestTargetID = BF0F3637245A061300C9E797;
					};
				};
			};
			buildConfigurationList = BF0F3633245A061300C9E797 /* Build configuration list for PBXProject "CoffeOrderingApp" */;
			compatibilityVersion = "Xcode 9.3";
			developmentRegion = en;
			hasScannedForEncodings = 0;
			knownRegions = (
				en,
				Base,
			);
			mainGroup = BF0F362F245A061300C9E797;
			productRefGroup = BF0F3639245A061300C9E797 /* Products */;
			projectDirPath = "";
			projectRoot = "";
			targets = (
				BF0F3637245A061300C9E797 /* CoffeOrderingApp */,
				BF0F364D245A061400C9E797 /* CoffeOrderingAppTests */,
				BF0F3658245A061400C9E797 /* CoffeOrderingAppUITests */,
			);
		};
/* End PBXProject section */

/* Begin PBXResourcesBuildPhase section */
		BF0F3636245A061300C9E797 /* Resources */ = {
			isa = PBXResourcesBuildPhase;
			buildActionMask = 2147483647;
			files = (
				BF0F3648245A061400C9E797 /* LaunchScreen.storyboard in Resources */,
				BF0F3645245A061400C9E797 /* Preview Assets.xcassets in Resources */,
				BF0F3642245A061400C9E797 /* Assets.xcassets in Resources */,
			);
			runOnlyForDeploymentPostprocessing = 0;
		};
		BF0F364C245A061400C9E797 /* Resources */ = {
			isa = PBXResourcesBuildPhase;
			buildActionMask = 2147483647;
			files = (
			);
			runOnlyForDeploymentPostprocessing = 0;
		};
		BF0F3657245A061400C9E797 /* Resources */ = {
			isa = PBXResourcesBuildPhase;
			buildActionMask = 2147483647;
			files = (
			);
			runOnlyForDeploymentPostprocessing = 0;
		};
/* End PBXResourcesBuildPhase section */

/* Begin PBXSourcesBuildPhase section */
		BF0F3634245A061300C9E797 /* Sources */ = {
			isa = PBXSourcesBuildPhase;
			buildActionMask = 2147483647;
			files = (
				BF0F363C245A061300C9E797 /* AppDelegate.swift in Sources */,
				BF4F6C67245A316A00DE2C4A /* CreateOrderResponse.swift in Sources */,
				BF0F363E245A061300C9E797 /* SceneDelegate.swift in Sources */,
				BFD39AA9245A228C0082007E /* OrderListView.swift in Sources */,
				BFD39AA1245A18930082007E /* Webservice.swift in Sources */,
				BF0F366F245A07C300C9E797 /* Order.swift in Sources */,
				BFD39AA4245A1C660082007E /* OrderListViewModel.swift in Sources */,
				BF0F3640245A061300C9E797 /* ContentView.swift in Sources */,
				BF0F366D245A070800C9E797 /* Coffee.swift in Sources */,
				BFD39AA6245A1C960082007E /* OrderViewModel.swift in Sources */,
			);
			runOnlyForDeploymentPostprocessing = 0;
		};
		BF0F364A245A061400C9E797 /* Sources */ = {
			isa = PBXSourcesBuildPhase;
			buildActionMask = 2147483647;
			files = (
				BF0F3653245A061400C9E797 /* CoffeOrderingAppTests.swift in Sources */,
			);
			runOnlyForDeploymentPostprocessing = 0;
		};
		BF0F3655245A061400C9E797 /* Sources */ = {
			isa = PBXSourcesBuildPhase;
			buildActionMask = 2147483647;
			files = (
				BF0F365E245A061400C9E797 /* CoffeOrderingAppUITests.swift in Sources */,
			);
			runOnlyForDeploymentPostprocessing = 0;
		};
/* End PBXSourcesBuildPhase section */

/* Begin PBXTargetDependency section */
		BF0F3650245A061400C9E797 /* PBXTargetDependency */ = {
			isa = PBXTargetDependency;
			target = BF0F3637245A061300C9E797 /* CoffeOrderingApp */;
			targetProxy = BF0F364F245A061400C9E797 /* PBXContainerItemProxy */;
		};
		BF0F365B245A061400C9E797 /* PBXTargetDependency */ = {
			isa = PBXTargetDependency;
			target = BF0F3637245A061300C9E797 /* CoffeOrderingApp */;
			targetProxy = BF0F365A245A061400C9E797 /* PBXContainerItemProxy */;
		};
/* End PBXTargetDependency section */

/* Begin PBXVariantGroup section */
		BF0F3646245A061400C9E797 /* LaunchScreen.storyboard */ = {
			isa = PBXVariantGroup;
			children = (
				BF0F3647245A061400C9E797 /* Base */,
			);
			name = LaunchScreen.storyboard;
			sourceTree = "<group>";
		};
/* End PBXVariantGroup section */

/* Begin XCBuildConfiguration section */
		BF0F3660245A061400C9E797 /* Debug */ = {
			isa = XCBuildConfiguration;
			buildSettings = {
				ALWAYS_SEARCH_USER_PATHS = NO;
				CLANG_ANALYZER_NONNULL = YES;
				CLANG_ANALYZER_NUMBER_OBJECT_CONVERSION = YES_AGGRESSIVE;
				CLANG_CXX_LANGUAGE_STANDARD = "gnu++14";
				CLANG_CXX_LIBRARY = "libc++";
				CLANG_ENABLE_MODULES = YES;
				CLANG_ENABLE_OBJC_ARC = YES;
				CLANG_ENABLE_OBJC_WEAK = YES;
				CLANG_WARN_BLOCK_CAPTURE_AUTORELEASING = YES;
				CLANG_WARN_BOOL_CONVERSION = YES;
				CLANG_WARN_COMMA = YES;
				CLANG_WARN_CONSTANT_CONVERSION = YES;
				CLANG_WARN_DEPRECATED_OBJC_IMPLEMENTATIONS = YES;
				CLANG_WARN_DIRECT_OBJC_ISA_USAGE = YES_ERROR;
				CLANG_WARN_DOCUMENTATION_COMMENTS = YES;
				CLANG_WARN_EMPTY_BODY = YES;
				CLANG_WARN_ENUM_CONVERSION = YES;
				CLANG_WARN_INFINITE_RECURSION = YES;
				CLANG_WARN_INT_CONVERSION = YES;
				CLANG_WARN_NON_LITERAL_NULL_CONVERSION = YES;
				CLANG_WARN_OBJC_IMPLICIT_RETAIN_SELF = YES;
				CLANG_WARN_OBJC_LITERAL_CONVERSION = YES;
				CLANG_WARN_OBJC_ROOT_CLASS = YES_ERROR;
				CLANG_WARN_RANGE_LOOP_ANALYSIS = YES;
				CLANG_WARN_STRICT_PROTOTYPES = YES;
				CLANG_WARN_SUSPICIOUS_MOVE = YES;
				CLANG_WARN_UNGUARDED_AVAILABILITY = YES_AGGRESSIVE;
				CLANG_WARN_UNREACHABLE_CODE = YES;
				CLANG_WARN__DUPLICATE_METHOD_MATCH = YES;
				COPY_PHASE_STRIP = NO;
				DEBUG_INFORMATION_FORMAT = dwarf;
				ENABLE_STRICT_OBJC_MSGSEND = YES;
				ENABLE_TESTABILITY = YES;
				GCC_C_LANGUAGE_STANDARD = gnu11;
				GCC_DYNAMIC_NO_PIC = NO;
				GCC_NO_COMMON_BLOCKS = YES;
				GCC_OPTIMIZATION_LEVEL = 0;
				GCC_PREPROCESSOR_DEFINITIONS = (
					"DEBUG=1",
					"$(inherited)",
				);
				GCC_WARN_64_TO_32_BIT_CONVERSION = YES;
				GCC_WARN_ABOUT_RETURN_TYPE = YES_ERROR;
				GCC_WARN_UNDECLARED_SELECTOR = YES;
				GCC_WARN_UNINITIALIZED_AUTOS = YES_AGGRESSIVE;
				GCC_WARN_UNUSED_FUNCTION = YES;
				GCC_WARN_UNUSED_VARIABLE = YES;
				IPHONEOS_DEPLOYMENT_TARGET = 13.2;
				MTL_ENABLE_DEBUG_INFO = INCLUDE_SOURCE;
				MTL_FAST_MATH = YES;
				ONLY_ACTIVE_ARCH = YES;
				SDKROOT = iphoneos;
				SWIFT_ACTIVE_COMPILATION_CONDITIONS = DEBUG;
				SWIFT_OPTIMIZATION_LEVEL = "-Onone";
			};
			name = Debug;
		};
		BF0F3661245A061400C9E797 /* Release */ = {
			isa = XCBuildConfiguration;
			buildSettings = {
				ALWAYS_SEARCH_USER_PATHS = NO;
				CLANG_ANALYZER_NONNULL = YES;
				CLANG_ANALYZER_NUMBER_OBJECT_CONVERSION = YES_AGGRESSIVE;
				CLANG_CXX_LANGUAGE_STANDARD = "gnu++14";
				CLANG_CXX_LIBRARY = "libc++";
				CLANG_ENABLE_MODULES = YES;
				CLANG_ENABLE_OBJC_ARC = YES;
				CLANG_ENABLE_OBJC_WEAK = YES;
				CLANG_WARN_BLOCK_CAPTURE_AUTORELEASING = YES;
				CLANG_WARN_BOOL_CONVERSION = YES;
				CLANG_WARN_COMMA = YES;
				CLANG_WARN_CONSTANT_CONVERSION = YES;
				CLANG_WARN_DEPRECATED_OBJC_IMPLEMENTATIONS = YES;
				CLANG_WARN_DIRECT_OBJC_ISA_USAGE = YES_ERROR;
				CLANG_WARN_DOCUMENTATION_COMMENTS = YES;
				CLANG_WARN_EMPTY_BODY = YES;
				CLANG_WARN_ENUM_CONVERSION = YES;
				CLANG_WARN_INFINITE_RECURSION = YES;
				CLANG_WARN_INT_CONVERSION = YES;
				CLANG_WARN_NON_LITERAL_NULL_CONVERSION = YES;
				CLANG_WARN_OBJC_IMPLICIT_RETAIN_SELF = YES;
				CLANG_WARN_OBJC_LITERAL_CONVERSION = YES;
				CLANG_WARN_OBJC_ROOT_CLASS = YES_ERROR;
				CLANG_WARN_RANGE_LOOP_ANALYSIS = YES;
				CLANG_WARN_STRICT_PROTOTYPES = YES;
				CLANG_WARN_SUSPICIOUS_MOVE = YES;
				CLANG_WARN_UNGUARDED_AVAILABILITY = YES_AGGRESSIVE;
				CLANG_WARN_UNREACHABLE_CODE = YES;
				CLANG_WARN__DUPLICATE_METHOD_MATCH = YES;
				COPY_PHASE_STRIP = NO;
				DEBUG_INFORMATION_FORMAT = "dwarf-with-dsym";
				ENABLE_NS_ASSERTIONS = NO;
				ENABLE_STRICT_OBJC_MSGSEND = YES;
				GCC_C_LANGUAGE_STANDARD = gnu11;
				GCC_NO_COMMON_BLOCKS = YES;
				GCC_WARN_64_TO_32_BIT_CONVERSION = YES;
				GCC_WARN_ABOUT_RETURN_TYPE = YES_ERROR;
				GCC_WARN_UNDECLARED_SELECTOR = YES;
				GCC_WARN_UNINITIALIZED_AUTOS = YES_AGGRESSIVE;
				GCC_WARN_UNUSED_FUNCTION = YES;
				GCC_WARN_UNUSED_VARIABLE = YES;
				IPHONEOS_DEPLOYMENT_TARGET = 13.2;
				MTL_ENABLE_DEBUG_INFO = NO;
				MTL_FAST_MATH = YES;
				SDKROOT = iphoneos;
				SWIFT_COMPILATION_MODE = wholemodule;
				SWIFT_OPTIMIZATION_LEVEL = "-O";
				VALIDATE_PRODUCT = YES;
			};
			name = Release;
		};
		BF0F3663245A061400C9E797 /* Debug */ = {
			isa = XCBuildConfiguration;
			buildSettings = {
				ASSETCATALOG_COMPILER_APPICON_NAME = AppIcon;
				CODE_SIGN_STYLE = Automatic;
				DEVELOPMENT_ASSET_PATHS = "\"CoffeOrderingApp/Preview Content\"";
				DEVELOPMENT_TEAM = 6Q94NQ57QP;
				ENABLE_PREVIEWS = YES;
				INFOPLIST_FILE = CoffeOrderingApp/Info.plist;
				LD_RUNPATH_SEARCH_PATHS = (
					"$(inherited)",
					"@executable_path/Frameworks",
				);
				PRODUCT_BUNDLE_IDENTIFIER = mx.com.GAR.CoffeOrderingApp;
				PRODUCT_NAME = "$(TARGET_NAME)";
				SWIFT_VERSION = 5.0;
				TARGETED_DEVICE_FAMILY = "1,2";
			};
			name = Debug;
		};
		BF0F3664245A061400C9E797 /* Release */ = {
			isa = XCBuildConfiguration;
			buildSettings = {
				ASSETCATALOG_COMPILER_APPICON_NAME = AppIcon;
				CODE_SIGN_STYLE = Automatic;
				DEVELOPMENT_ASSET_PATHS = "\"CoffeOrderingApp/Preview Content\"";
				DEVELOPMENT_TEAM = 6Q94NQ57QP;
				ENABLE_PREVIEWS = YES;
				INFOPLIST_FILE = CoffeOrderingApp/Info.plist;
				LD_RUNPATH_SEARCH_PATHS = (
					"$(inherited)",
					"@executable_path/Frameworks",
				);
				PRODUCT_BUNDLE_IDENTIFIER = mx.com.GAR.CoffeOrderingApp;
				PRODUCT_NAME = "$(TARGET_NAME)";
				SWIFT_VERSION = 5.0;
				TARGETED_DEVICE_FAMILY = "1,2";
			};
			name = Release;
		};
		BF0F3666245A061400C9E797 /* Debug */ = {
			isa = XCBuildConfiguration;
			buildSettings = {
				ALWAYS_EMBED_SWIFT_STANDARD_LIBRARIES = YES;
				BUNDLE_LOADER = "$(TEST_HOST)";
				CODE_SIGN_STYLE = Automatic;
				DEVELOPMENT_TEAM = 6Q94NQ57QP;
				INFOPLIST_FILE = CoffeOrderingAppTests/Info.plist;
				IPHONEOS_DEPLOYMENT_TARGET = 13.2;
				LD_RUNPATH_SEARCH_PATHS = (
					"$(inherited)",
					"@executable_path/Frameworks",
					"@loader_path/Frameworks",
				);
				PRODUCT_BUNDLE_IDENTIFIER = mx.com.GAR.CoffeOrderingAppTests;
				PRODUCT_NAME = "$(TARGET_NAME)";
				SWIFT_VERSION = 5.0;
				TARGETED_DEVICE_FAMILY = "1,2";
				TEST_HOST = "$(BUILT_PRODUCTS_DIR)/CoffeOrderingApp.app/CoffeOrderingApp";
			};
			name = Debug;
		};
		BF0F3667245A061400C9E797 /* Release */ = {
			isa = XCBuildConfiguration;
			buildSettings = {
				ALWAYS_EMBED_SWIFT_STANDARD_LIBRARIES = YES;
				BUNDLE_LOADER = "$(TEST_HOST)";
				CODE_SIGN_STYLE = Automatic;
				DEVELOPMENT_TEAM = 6Q94NQ57QP;
				INFOPLIST_FILE = CoffeOrderingAppTests/Info.plist;
				IPHONEOS_DEPLOYMENT_TARGET = 13.2;
				LD_RUNPATH_SEARCH_PATHS = (
					"$(inherited)",
					"@executable_path/Frameworks",
					"@loader_path/Frameworks",
				);
				PRODUCT_BUNDLE_IDENTIFIER = mx.com.GAR.CoffeOrderingAppTests;
				PRODUCT_NAME = "$(TARGET_NAME)";
				SWIFT_VERSION = 5.0;
				TARGETED_DEVICE_FAMILY = "1,2";
				TEST_HOST = "$(BUILT_PRODUCTS_DIR)/CoffeOrderingApp.app/CoffeOrderingApp";
			};
			name = Release;
		};
		BF0F3669245A061400C9E797 /* Debug */ = {
			isa = XCBuildConfiguration;
			buildSettings = {
				ALWAYS_EMBED_SWIFT_STANDARD_LIBRARIES = YES;
				CODE_SIGN_STYLE = Automatic;
				DEVELOPMENT_TEAM = 6Q94NQ57QP;
				INFOPLIST_FILE = CoffeOrderingAppUITests/Info.plist;
				LD_RUNPATH_SEARCH_PATHS = (
					"$(inherited)",
					"@executable_path/Frameworks",
					"@loader_path/Frameworks",
				);
				PRODUCT_BUNDLE_IDENTIFIER = mx.com.GAR.CoffeOrderingAppUITests;
				PRODUCT_NAME = "$(TARGET_NAME)";
				SWIFT_VERSION = 5.0;
				TARGETED_DEVICE_FAMILY = "1,2";
				TEST_TARGET_NAME = CoffeOrderingApp;
			};
			name = Debug;
		};
		BF0F366A245A061400C9E797 /* Release */ = {
			isa = XCBuildConfiguration;
			buildSettings = {
				ALWAYS_EMBED_SWIFT_STANDARD_LIBRARIES = YES;
				CODE_SIGN_STYLE = Automatic;
				DEVELOPMENT_TEAM = 6Q94NQ57QP;
				INFOPLIST_FILE = CoffeOrderingAppUITests/Info.plist;
				LD_RUNPATH_SEARCH_PATHS = (
					"$(inherited)",
					"@executable_path/Frameworks",
					"@loader_path/Frameworks",
				);
				PRODUCT_BUNDLE_IDENTIFIER = mx.com.GAR.CoffeOrderingAppUITests;
				PRODUCT_NAME = "$(TARGET_NAME)";
				SWIFT_VERSION = 5.0;
				TARGETED_DEVICE_FAMILY = "1,2";
				TEST_TARGET_NAME = CoffeOrderingApp;
			};
			name = Release;
		};
/* End XCBuildConfiguration section */

/* Begin XCConfigurationList section */
		BF0F3633245A061300C9E797 /* Build configuration list for PBXProject "CoffeOrderingApp" */ = {
			isa = XCConfigurationList;
			buildConfigurations = (
				BF0F3660245A061400C9E797 /* Debug */,
				BF0F3661245A061400C9E797 /* Release */,
			);
			defaultConfigurationIsVisible = 0;
			defaultConfigurationName = Release;
		};
		BF0F3662245A061400C9E797 /* Build configuration list for PBXNativeTarget "CoffeOrderingApp" */ = {
			isa = XCConfigurationList;
			buildConfigurations = (
				BF0F3663245A061400C9E797 /* Debug */,
				BF0F3664245A061400C9E797 /* Release */,
			);
			defaultConfigurationIsVisible = 0;
			defaultConfigurationName = Release;
		};
		BF0F3665245A061400C9E797 /* Build configuration list for PBXNativeTarget "CoffeOrderingAppTests" */ = {
			isa = XCConfigurationList;
			buildConfigurations = (
				BF0F3666245A061400C9E797 /* Debug */,
				BF0F3667245A061400C9E797 /* Release */,
			);
			defaultConfigurationIsVisible = 0;
			defaultConfigurationName = Release;
		};
		BF0F3668245A061400C9E797 /* Build configuration list for PBXNativeTarget "CoffeOrderingAppUITests" */ = {
			isa = XCConfigurationList;
			buildConfigurations = (
				BF0F3669245A061400C9E797 /* Debug */,
				BF0F366A245A061400C9E797 /* Release */,
			);
			defaultConfigurationIsVisible = 0;
			defaultConfigurationName = Release;
		};
/* End XCConfigurationList section */
	};
	rootObject = BF0F3630245A061300C9E797 /* Project object */;
}
